{
    "hash": "c0209045fbfac15a6c6174d00e0ae5fb",
    "packages": [
        {
            "name": "doctrine/common",
            "version": "dev-master",
            "source": {
                "type": "git",
                "url": "https://github.com/doctrine/common",
                "reference": "a890fe1b689ed65c52bf4a7e64333a27b3c400d6"
            },
            "dist": {
                "type": "zip",
                "url": "https://github.com/doctrine/common/archive/a890fe1b689ed65c52bf4a7e64333a27b3c400d6.zip",
                "reference": "a890fe1b689ed65c52bf4a7e64333a27b3c400d6",
                "shasum": ""
            },
            "require": {
                "php": ">=5.3.2"
            },
            "time": "2012-12-18 00:45:03",
            "type": "library",
            "extra": {
                "branch-alias": {
                    "dev-master": "2.4.x-dev"
                }
            },
            "installation-source": "source",
            "autoload": {
                "psr-0": {
                    "Doctrine\\Common\\": "lib/"
                }
            },
            "notification-url": "https://packagist.org/downloads/",
            "license": [
                "MIT"
            ],
            "authors": [
                {
                    "name": "Jonathan Wage",
                    "email": "jonwage@gmail.com",
                    "homepage": "http://www.jwage.com/"
                },
                {
                    "name": "Guilherme Blanco",
                    "email": "guilhermeblanco@gmail.com",
                    "homepage": "http://www.instaclick.com"
                },
                {
                    "name": "Roman Borschel",
                    "email": "roman@code-factory.org"
                },
                {
                    "name": "Benjamin Eberlei",
                    "email": "kontakt@beberlei.de"
                },
                {
                    "name": "Johannes Schmitt",
                    "email": "schmittjoh@gmail.com",
                    "homepage": "https://github.com/schmittjoh",
                    "role": "Developer of wrapped JMSSerializerBundle"
                }
            ],
            "description": "Common Library for Doctrine projects",
            "homepage": "http://www.doctrine-project.org",
            "keywords": [
                "collections",
                "spl",
                "eventmanager",
                "annotations",
                "persistence"
            ]
        },
        {
            "name": "doctrine/data-fixtures",
            "version": "dev-master",
            "source": {
                "type": "git",
                "url": "https://github.com/doctrine/data-fixtures.git",
                "reference": "84cd1ca060e06bf5eb7066adb334adea4bf29fe7"
            },
            "dist": {
                "type": "zip",
                "url": "https://github.com/doctrine/data-fixtures/archive/84cd1ca060e06bf5eb7066adb334adea4bf29fe7.zip",
                "reference": "84cd1ca060e06bf5eb7066adb334adea4bf29fe7",
                "shasum": ""
            },
            "require": {
                "php": ">=5.3.2",
                "doctrine/common": ">=2.2,<2.5-dev"
            },
            "require-dev": {
                "doctrine/orm": ">=2.2,<2.5-dev"
            },
            "suggest": {
                "doctrine/orm": "For loading ORM fixtures",
                "doctrine/mongodb-odm": "For loading MongoDB ODM fixtures",
                "doctrine/phpcr-odm": "For loading PHPCR ODM fixtures"
            },
            "time": "2012-12-03 09:46:47",
            "type": "library",
            "installation-source": "source",
            "autoload": {
                "psr-0": {
                    "Doctrine\\Common\\DataFixtures": "lib/"
                }
            },
            "notification-url": "https://packagist.org/downloads/",
            "license": [
                "MIT"
            ],
            "authors": [
                {
                    "name": "Jonathan Wage",
                    "email": "jonwage@gmail.com",
                    "homepage": "http://www.jwage.com/"
                }
            ],
            "description": "Data Fixtures for all Doctrine Object Managers",
            "homepage": "http://www.doctrine-project.org",
            "keywords": [
                "database"
            ]
        },
        {
            "name": "doctrine/dbal",
            "version": "dev-master",
            "source": {
                "type": "git",
                "url": "https://github.com/doctrine/dbal",
                "reference": "6ace93c92ebfa2411b7c763607057baf069fb0d6"
            },
            "dist": {
                "type": "zip",
                "url": "https://github.com/doctrine/dbal/archive/6ace93c92ebfa2411b7c763607057baf069fb0d6.zip",
                "reference": "6ace93c92ebfa2411b7c763607057baf069fb0d6",
                "shasum": ""
            },
            "require": {
                "php": ">=5.3.2",
                "doctrine/common": ">=2.3-dev,<2.5-dev"
            },
            "time": "2012-12-17 11:53:37",
            "type": "library",
            "extra": {
                "branch-alias": {
                    "dev-master": "2.4.x-dev"
                }
            },
            "installation-source": "source",
            "autoload": {
                "psr-0": {
                    "Doctrine\\DBAL\\": "lib/"
                }
            },
            "notification-url": "https://packagist.org/downloads/",
            "license": [
                "MIT"
            ],
            "authors": [
                {
                    "name": "Jonathan Wage",
                    "email": "jonwage@gmail.com",
                    "homepage": "http://www.jwage.com/"
                },
                {
                    "name": "Guilherme Blanco",
                    "email": "guilhermeblanco@gmail.com",
                    "homepage": "http://www.instaclick.com"
                },
                {
                    "name": "Roman Borschel",
                    "email": "roman@code-factory.org"
                },
                {
                    "name": "Benjamin Eberlei",
                    "email": "kontakt@beberlei.de"
                }
            ],
            "description": "Database Abstraction Layer",
            "homepage": "http://www.doctrine-project.org",
            "keywords": [
                "database",
                "persistence",
                "dbal",
                "queryobject"
            ]
        },
        {
            "name": "doctrine/migrations",
            "version": "dev-master",
            "source": {
                "type": "git",
                "url": "https://github.com/doctrine/migrations",
                "reference": "c1d875ce7d092dd1bc7508c3867b5c6b97431e43"
            },
            "dist": {
                "type": "zip",
                "url": "https://github.com/doctrine/migrations/archive/c1d875ce7d092dd1bc7508c3867b5c6b97431e43.zip",
                "reference": "c1d875ce7d092dd1bc7508c3867b5c6b97431e43",
                "shasum": ""
            },
            "require": {
                "php": ">=5.3.2",
                "doctrine/dbal": ">=2.0,<2.5.x-dev"
            },
            "require-dev": {
                "symfony/console": "2.*",
                "symfony/yaml": "2.*"
            },
            "suggest": {
                "symfony/console": "to run the migration from the console"
            },
            "time": "2012-10-19 10:37:24",
            "type": "library",
            "installation-source": "source",
            "autoload": {
                "psr-0": {
                    "Doctrine\\DBAL\\Migrations": "lib"
                }
            },
            "notification-url": "https://packagist.org/downloads/",
            "license": [
                "LGPL"
            ],
            "authors": [
                {
                    "name": "Jonathan Wage",
                    "email": "jonwage@gmail.com",
                    "homepage": "http://www.jwage.com/"
                },
                {
                    "name": "Benjamin Eberlei",
                    "email": "kontakt@beberlei.de"
                }
            ],
            "description": "Database Schema migrations using Doctrine DBAL",
            "homepage": "http://www.doctrine-project.org",
            "keywords": [
                "database",
                "migrations"
            ]
        },
        {
            "name": "doctrine/orm",
            "version": "dev-master",
            "source": {
                "type": "git",
                "url": "git://github.com/doctrine/doctrine2.git",
                "reference": "4bbfe0ce8a3616b101e0bdfb0fa1f39cc8792557"
            },
            "dist": {
                "type": "zip",
                "url": "https://github.com/doctrine/doctrine2/archive/4bbfe0ce8a3616b101e0bdfb0fa1f39cc8792557.zip",
                "reference": "4bbfe0ce8a3616b101e0bdfb0fa1f39cc8792557",
                "shasum": ""
            },
            "require": {
                "php": ">=5.3.2",
                "ext-pdo": "*",
                "symfony/console": "2.*",
                "doctrine/dbal": ">=2.3-dev,<2.5-dev"
            },
            "suggest": {
                "symfony/yaml": "If you want to use YAML Metadata Mapping Driver"
            },
            "time": "2012-12-16 12:05:57",
            "bin": [
                "bin/doctrine",
                "bin/doctrine.php"
            ],
            "type": "library",
            "extra": {
                "branch-alias": {
                    "dev-master": "2.4.x-dev"
                }
            },
            "installation-source": "source",
            "autoload": {
                "psr-0": {
                    "Doctrine\\ORM\\": "lib/"
                }
            },
            "notification-url": "https://packagist.org/downloads/",
            "license": [
                "MIT"
            ],
            "authors": [
                {
                    "name": "Jonathan Wage",
                    "email": "jonwage@gmail.com",
                    "homepage": "http://www.jwage.com/"
                },
                {
                    "name": "Guilherme Blanco",
                    "email": "guilhermeblanco@gmail.com",
                    "homepage": "http://www.instaclick.com"
                },
                {
                    "name": "Roman Borschel",
                    "email": "roman@code-factory.org"
                },
                {
                    "name": "Benjamin Eberlei",
                    "email": "kontakt@beberlei.de"
                }
            ],
            "description": "Object-Relational-Mapper for PHP",
            "homepage": "http://www.doctrine-project.org",
            "keywords": [
                "database",
                "orm"
            ]
        },
        {
            "name": "imagine/Imagine",
            "version": "dev-master",
            "source": {
                "type": "git",
                "url": "https://github.com/avalanche123/Imagine",
                "reference": "v0.4.1"
            },
            "dist": {
                "type": "zip",
                "url": "https://github.com/avalanche123/Imagine/archive/v0.4.1.zip",
                "reference": "v0.4.1",
                "shasum": ""
            },
            "require": {
                "php": ">=5.3.2"
            },
            "require-dev": {
                "sami/sami": "dev-master"
            },
            "time": "2012-12-13 18:31:18",
            "type": "library",
            "installation-source": "source",
            "autoload": {
                "psr-0": {
                    "Imagine": "lib/"
                }
            },
            "notification-url": "https://packagist.org/downloads/",
            "license": [
                "MIT"
            ],
            "authors": [
                {
                    "name": "Bulat Shakirzyanov",
                    "email": "mallluhuct@gmail.com",
                    "homepage": "http://avalanche123.com"
                }
            ],
            "description": "Image processing for PHP 5.3",
            "homepage": "http://imagine.readthedocs.org/",
            "keywords": [
                "image manipulation",
                "image processing",
                "drawing",
                "graphics"
            ]
        },
        {
            "name": "symfony/console",
            "version": "dev-master",
            "target-dir": "Symfony/Component/Console",
            "source": {
                "type": "git",
                "url": "https://github.com/symfony/Console",
                "reference": "92cd0e84022f31287337ab17842bbfff47d2fc79"
            },
            "dist": {
                "type": "zip",
                "url": "https://github.com/symfony/Console/archive/92cd0e84022f31287337ab17842bbfff47d2fc79.zip",
                "reference": "92cd0e84022f31287337ab17842bbfff47d2fc79",
                "shasum": ""
            },
            "require": {
                "php": ">=5.3.3"
            },
            "time": "2012-12-14 09:43:16",
            "type": "library",
            "extra": {
                "branch-alias": {
                    "dev-master": "2.2-dev"
                }
            },
            "installation-source": "source",
            "autoload": {
                "psr-0": {
                    "Symfony\\Component\\Console\\": ""
                }
            },
            "notification-url": "https://packagist.org/downloads/",
            "license": [
                "MIT"
            ],
            "authors": [
                {
                    "name": "Fabien Potencier",
                    "email": "fabien@symfony.com"
                },
                {
                    "name": "Symfony Community",
                    "homepage": "http://symfony.com/contributors"
                }
            ],
            "description": "Symfony Console Component",
            "homepage": "http://symfony.com"
        },
        {
            "name": "symfony/dom-crawler",
            "version": "dev-master",
            "target-dir": "Symfony/Component/DomCrawler",
            "source": {
                "type": "git",
                "url": "https://github.com/symfony/DomCrawler",
                "reference": "b186c987f56375ebb1be9a7dd6686352db1ce096"
            },
            "dist": {
                "type": "zip",
                "url": "https://github.com/symfony/DomCrawler/archive/b186c987f56375ebb1be9a7dd6686352db1ce096.zip",
                "reference": "b186c987f56375ebb1be9a7dd6686352db1ce096",
                "shasum": ""
            },
            "require": {
                "php": ">=5.3.3"
            },
            "require-dev": {
                "symfony/css-selector": "2.2.*"
            },
            "suggest": {
                "symfony/css-selector": "2.2.*"
            },
            "time": "2012-11-29 10:32:45",
            "type": "library",
            "extra": {
                "branch-alias": {
                    "dev-master": "2.2-dev"
                }
            },
            "installation-source": "source",
            "autoload": {
                "psr-0": {
                    "Symfony\\Component\\DomCrawler\\": ""
                }
            },
            "notification-url": "https://packagist.org/downloads/",
            "license": [
                "MIT"
            ],
            "authors": [
                {
                    "name": "Fabien Potencier",
                    "email": "fabien@symfony.com"
                },
                {
                    "name": "Symfony Community",
                    "homepage": "http://symfony.com/contributors"
                }
            ],
            "description": "Symfony DomCrawler Component",
            "homepage": "http://symfony.com"
        },
        {
            "name": "symfony/yaml",
            "version": "dev-master",
            "target-dir": "Symfony/Component/Yaml",
            "source": {
                "type": "git",
                "url": "https://github.com/symfony/Yaml",
                "reference": "365b4df7802b9bb93084d2cc9a51fe88b488f956"
            },
            "dist": {
                "type": "zip",
                "url": "https://github.com/symfony/Yaml/archive/365b4df7802b9bb93084d2cc9a51fe88b488f956.zip",
                "reference": "365b4df7802b9bb93084d2cc9a51fe88b488f956",
                "shasum": ""
            },
            "require": {
                "php": ">=5.3.3"
            },
            "time": "2012-12-19 07:09:49",
            "type": "library",
            "extra": {
                "branch-alias": {
                    "dev-master": "2.2-dev"
                }
            },
            "installation-source": "source",
            "autoload": {
                "psr-0": {
                    "Symfony\\Component\\Yaml\\": ""
                }
            },
            "notification-url": "https://packagist.org/downloads/",
            "license": [
                "MIT"
            ],
            "authors": [
                {
                    "name": "Fabien Potencier",
                    "email": "fabien@symfony.com"
                },
                {
                    "name": "Symfony Community",
                    "homepage": "http://symfony.com/contributors"
                }
            ],
            "description": "Symfony Yaml Component",
            "homepage": "http://symfony.com"
        },
        {
            "name": "typo3/aloha",
            "version": "dev-master",
            "source": {
                "type": "git",
                "url": "git://git.typo3.org/FLOW3/Packages/Aloha.git",
                "reference": "111bca059ab11e80ad1bdda664133d35b29916a9"
            },
            "require": {
                "typo3/flow": "*",
                "typo3/fluid": "*"
            },
            "time": "2012-10-31 08:18:34",
            "type": "typo3-flow-package",
            "installation-source": "source",
            "autoload": {
                "psr-0": {
                    "TYPO3\\Aloha": "Classes"
                }
            },
            "description": "A packaged version of Aloha for TYPO3 Neos."
        },
        {
            "name": "typo3/eel",
            "version": "dev-master",
            "source": {
                "type": "git",
                "url": "git://git.typo3.org/FLOW3/Packages/TYPO3.Eel.git",
                "reference": "17f52a415fb06e667440e9903a57554d9a56db9e"
            },
            "require": {
                "typo3/flow": "*"
            },
            "time": "2012-12-05 10:26:16",
            "type": "typo3-flow-package",
            "installation-source": "source",
            "autoload": {
                "psr-0": {
                    "TYPO3\\Eel": "Classes"
                }
            }
        },
        {
            "name": "typo3/extjs",
            "version": "dev-master",
            "source": {
                "type": "git",
                "url": "git://git.typo3.org/FLOW3/Packages/TYPO3.ExtJS.git",
                "reference": "f464c9e4928cafcf9f8aa2cecedd573401ee3819"
            },
            "require": {
                "typo3/flow": "*"
            },
            "time": "2012-12-17 14:43:57",
            "type": "typo3-flow-package",
            "installation-source": "source",
            "autoload": {
                "psr-0": {
                    "TYPO3\\ExtJS": "Classes"
                }
            },
            "description": "The package contains ExtJS for use in TYPO3 Flow packages. It is a slightly trimmed version of ExtJS (missing source, build, examples, documentation) with JavaScript, images, CSS and Flash moved to distinct folders. In addition it contains the ux files found in the examples folder of the ExtJS distribution. Using Ext Direct is supported by an Ext Direct request handler and a viewhelper to build a provider configuration from controller actions."
        },
        {
            "name": "typo3/flow",
            "version": "dev-master",
            "source": {
                "type": "git",
                "url": "git://git.typo3.org/FLOW3/Packages/TYPO3.FLOW3.git",
                "reference": "5183f3c7a7f1e55ad9a9d3420f415a372feb62b9"
            },
            "require": {
                "php": ">=5.3.2",
                "ext-zlib": "*",
                "ext-spl": "*",
                "ext-json": ">=1.2.0",
                "ext-session": "*",
                "typo3/fluid": "*",
                "typo3/party": "*",
                "doctrine/orm": "~2.3",
                "doctrine/migrations": "*",
                "doctrine/data-fixtures": "*",
                "symfony/yaml": "~2.1",
                "symfony/dom-crawler": "~2.2",
                "typo3/flow-composer-installers": "*"
            },
            "time": "2012-12-18 16:34:04",
            "type": "typo3-flow-framework",
            "installation-source": "source",
            "autoload": {
                "psr-0": {
                    "TYPO3\\Flow": "Classes"
                }
            },
            "license": [
                "LGPL-3.0+"
            ],
            "description": "TYPO3 Flow Application Framework",
            "homepage": "http://flow.typo3.org"
        },
        {
            "name": "typo3/flow-composer-installers",
            "version": "dev-master",
            "source": {
                "type": "git",
                "url": "git://github.com/christianjul/installers.git",
                "reference": "bf887890333e8c73a93701ffb09f71c914b8be35"
            },
            "replace": {
                "shama/baton": "*"
            },
            "require-dev": {
                "composer/composer": "1.0.*@dev"
            },
            "time": "2012-12-19 10:08:40",
            "type": "composer-installer",
            "extra": {
                "class": "Composer\\Installers\\Installer"
            },
            "installation-source": "source",
            "autoload": {
                "psr-0": {
                    "Composer\\Installers\\": "src/"
                }
            },
            "license": [
                "MIT"
            ],
            "authors": [
                {
                    "name": "Kyle Robinson Young",
                    "email": "kyle@dontkry.com",
                    "homepage": "https://github.com/shama"
                }
            ],
            "description": "A multi-framework Composer library installer",
            "homepage": "http://composer.github.com/installers/",
            "keywords": [
                "installer",
                "cakephp",
                "laravel",
                "kohana",
                "li3",
                "lithium",
                "mako",
                "fuelphp",
                "codeigniter",
                "symfony",
                "phpbb",
                "ppi",
                "joomla",
                "wordpress",
                "drupal",
                "zend",
                "silverstripe",
                "agl",
                "TYPO3 Flow",
                "TYPO3 Neos"
            ]
        },
        {
            "name": "typo3/fluid",
            "version": "dev-master",
            "source": {
                "type": "git",
                "url": "git://git.typo3.org/FLOW3/Packages/TYPO3.Fluid.git",
                "reference": "06ac5bce073785de32bec004a2c98c53726e8057"
            },
            "require": {
                "typo3/flow-composer-installers": "*",
                "typo3/flow": "*"
            },
            "time": "2012-12-12 20:13:27",
            "type": "typo3-flow-framework",
            "installation-source": "source",
            "autoload": {
                "psr-0": {
                    "TYPO3\\Fluid": "Classes"
                }
            },
            "license": [
                "LGPL-3.0+"
            ],
            "description": "Next-Generation Templating Framework for TYPO3 Flow and TYPO3 Neos, also backported to TYPO3 CMS"
        },
        {
            "name": "typo3/form",
            "version": "dev-master",
            "source": {
                "type": "git",
                "url": "git://git.typo3.org/FLOW3/Packages/TYPO3.Form.git",
                "reference": "ca1590b0e5e6eb174b81af254df2f6190e112f07"
            },
            "require": {
                "typo3/flow": "*"
            },
            "time": "2012-12-12 17:06:58",
            "type": "typo3-flow-package",
            "installation-source": "source",
            "autoload": {
                "psr-0": {
                    "TYPO3\\Form": "Classes"
                }
            },
            "description": "Extensible and flexible API for building web forms"
        },
        {
            "name": "typo3/imagine",
            "version": "dev-master",
            "source": {
                "type": "git",
                "url": "git://git.typo3.org/FLOW3/Packages/Imagine.git",
                "reference": "202eda6ba3c4f30dbcfc14488c77c73d4b85e848"
            },
            "require": {
                "typo3/flow": "*",
                "imagine/imagine": "*"
            },
            "time": "2012-11-09 09:20:33",
            "type": "typo3-flow-package",
            "installation-source": "source",
            "autoload": {
                "psr-0": {
                    "TYPO3\\Imagine": "Classes"
                }
            }
        },
        {
            "name": "typo3/kickstart",
            "version": "dev-master",
            "source": {
                "type": "git",
                "url": "git://git.typo3.org/FLOW3/Packages/TYPO3.Kickstart.git",
                "reference": "3c7e9c54b2eb2b4cdf91bd9da86755bc1c89b1c8"
            },
            "require": {
                "typo3/flow": "*"
            },
            "time": "2012-12-10 11:04:08",
            "type": "typo3-flow-framework",
            "installation-source": "source",
            "autoload": {
                "psr-0": {
                    "TYPO3\\Kickstart": "Classes"
                }
            },
            "license": [
                "LGPL-3.0+"
            ],
            "description": "A simple generator for controller and views."
        },
        {
            "name": "typo3/media",
            "version": "dev-master",
            "source": {
                "type": "git",
                "url": "git://git.typo3.org/FLOW3/Packages/TYPO3.Media.git",
                "reference": "6fa63eaea7f16f8774a6387286507de56e61cd02"
            },
            "require": {
                "typo3/flow": "*",
                "typo3/imagine": "*"
            },
            "time": "2012-11-28 10:55:57",
            "type": "typo3-flow-package",
            "installation-source": "source",
            "autoload": {
                "psr-0": {
                    "TYPO3\\Media": "Classes"
                }
            },
            "description": "The Media package"
        },
        {
            "name": "typo3/neos",
            "version": "dev-master",
            "source": {
                "type": "git",
                "url": "git://git.typo3.org/FLOW3/Packages/TYPO3.TYPO3.git",
                "reference": "2b70bb0cee4ef22d857e10a09708c3269038f446"
            },
            "require": {
                "typo3/flow": "*",
                "typo3/extjs": "*",
                "typo3/aloha": "*",
                "typo3/media": "*",
                "typo3/neos-contenttypes": "*",
                "typo3/setup": "*",
                "typo3/twitter-bootstrap": "*",
                "typo3/typo3cr": "*",
                "typo3/typoscript": "*",
                "typo3/sitekickstarter": "*"
            },
            "time": "2012-12-18 16:35:45",
            "type": "typo3-flow-package",
            "installation-source": "source",
            "autoload": {
                "psr-0": {
                    "TYPO3\\Neos": "Classes"
                }
            },
            "description": "The next generation of the popular open-source CMS."
        },
        {
            "name": "typo3/neos-contenttypes",
            "version": "dev-master",
            "source": {
                "type": "git",
                "url": "git://git.typo3.org/FLOW3/Packages/TYPO3.Phoenix.ContentTypes.git",
                "reference": "9b8993cc756111ccf939935249fed27644a867f1"
            },
            "require": {
                "typo3/flow": "*",
                "typo3/typoscript": "*"
            },
            "time": "2012-12-17 13:31:08",
            "type": "typo3-flow-package",
            "installation-source": "source",
            "autoload": {
                "psr-0": {
                    "TYPO3\\Neos\\ContentTypes": "Classes"
                }
            },
            "description": "Content Type Configuration for TYPO3 Neos."
        },
        {
            "name": "typo3/neosdemotypo3org",
            "version": "dev-master",
            "source": {
                "type": "git",
                "url": "git://git.typo3.org/FLOW3/Packages/PhoenixDemoTypo3Org.git",
                "reference": "3b32a4a398498672d7cd7f70380b496216129da5"
            },
            "require": {
                "typo3/neos": "*"
            },
            "time": "2012-10-31 08:06:21",
            "type": "typo3-flow-site",
            "installation-source": "source",
            "autoload": {
                "psr-0": {
                    "TYPO3\\NeosDemoTypo3Org": "Classes"
                }
            },
            "description": "Site package for the TYPO3 Neos Demo Site"
        },
        {
            "name": "typo3/party",
            "version": "dev-master",
            "source": {
                "type": "git",
                "url": "git://git.typo3.org/FLOW3/Packages/TYPO3.Party.git",
                "reference": "e15b0c2ec34aee7f2e677920f9236b2964d119cd"
            },
            "require": {
                "typo3/flow-composer-installers": "*",
                "typo3/flow": "*"
            },
            "time": "2012-12-10 11:02:21",
            "type": "typo3-flow-framework",
            "installation-source": "source",
            "autoload": {
                "psr-0": {
                    "TYPO3\\Party": "Classes"
                }
            },
            "license": [
                "LGPL-3.0+"
            ],
            "description": "A PHP implementation of the OASIS Customer Information Quality (CIQ) XML Standard."
        },
        {
            "name": "typo3/setup",
            "version": "dev-master",
            "source": {
                "type": "git",
                "url": "git://git.typo3.org/FLOW3/Packages/TYPO3.Setup.git",
                "reference": "679fc71861c05c8d579e55dee3ee6833f0c3d411"
            },
            "require": {
                "typo3/flow": "*",
                "typo3/form": "*",
                "typo3/twitter-bootstrap": "*"
            },
            "time": "2012-12-12 17:07:52",
            "type": "typo3-flow-package",
            "installation-source": "source",
            "autoload": {
                "psr-0": {
                    "TYPO3\\Setup": "Classes"
                }
            }
        },
        {
            "name": "typo3/sitekickstarter",
            "version": "dev-master",
            "source": {
                "type": "git",
                "url": "git://git.typo3.org/FLOW3/Packages/TYPO3.SiteKickstarter.git",
                "reference": "47d14991f69b228f6a0aee9b0d7c0a57cb9450ba"
            },
            "require": {
                "typo3/flow": "*",
                "typo3/kickstart": "*"
            },
            "time": "2012-10-31 08:11:58",
            "type": "typo3-flow-package",
            "installation-source": "source",
            "autoload": {
                "psr-0": {
                    "TYPO3\\SiteKickstarter": "Classes"
                }
            }
        },
        {
            "name": "typo3/twitter-bootstrap",
            "version": "dev-master",
            "source": {
                "type": "git",
                "url": "git://git.typo3.org/FLOW3/Packages/Twitter.Bootstrap.git",
                "reference": "dacbb5e42b6db5dcee090f576748c940756cebda"
            },
            "require": {
                "typo3/flow": "*"
            },
            "time": "2012-11-24 21:40:53",
            "type": "typo3-flow-package",
            "installation-source": "source",
            "autoload": {
                "psr-0": {
                    "TYPO3\\Twitter\\Bootstrap": "Classes"
                }
            },
            "description": "Simple and flexible HTML, CSS, and Javascript for popular user interface components and interactions. Packaged for use with TYPO3 Flow"
        },
        {
            "name": "typo3/typo3cr",
            "version": "dev-master",
            "source": {
                "type": "git",
                "url": "git://git.typo3.org/FLOW3/Packages/TYPO3.TYPO3CR.git",
                "reference": "4860ef4f357742f842f40cc1ac3404f48a735a9a"
            },
            "require": {
                "typo3/flow": "*"
            },
            "time": "2012-12-11 20:35:37",
            "type": "typo3-flow-package",
            "installation-source": "source",
            "autoload": {
                "psr-0": {
                    "TYPO3\\TYPO3CR": "Classes"
                }
            }
        },
        {
            "name": "typo3/typoscript",
            "version": "dev-master",
            "source": {
                "type": "git",
                "url": "git://git.typo3.org/FLOW3/Packages/TYPO3.TypoScript.git",
                "reference": "cfc7826d065ca05062a25103e96d464c5e78d91a"
            },
            "require": {
                "typo3/flow": "*",
                "typo3/eel": "*"
            },
            "time": "2012-11-09 10:31:06",
            "type": "typo3-flow-package",
            "installation-source": "source",
            "autoload": {
                "psr-0": {
                    "TYPO3\\TypoScript": "Classes"
                }
            }
        }
    ],
    "packages-dev": [
        {
            "name": "mikey179/vfsStream",
            "version": "v1.1.0",
            "source": {
                "type": "git",
                "url": "https://github.com/mikey179/vfsStream",
                "reference": "v1.1.0"
            },
            "dist": {
                "type": "zip",
                "url": "https://github.com/mikey179/vfsStream/zipball/v1.1.0",
                "reference": "v1.1.0",
                "shasum": ""
            },
            "require": {
                "php": ">=5.3.0"
            },
            "time": "2012-08-25 05:49:29",
            "type": "library",
            "installation-source": "dist",
            "autoload": {
                "psr-0": {
                    "org\\bovigo\\vfs": "src/main/php"
                }
            },
            "notification-url": "https://packagist.org/downloads/",
            "license": [
                "BSD"
            ],
            "homepage": "http://vfs.bovigo.org/"
        },
        {
            "name": "typo3/buildessentials",
            "version": "dev-master",
            "source": {
                "type": "git",
                "url": "git://git.typo3.org/FLOW3/BuildEssentials.git",
                "reference": "8c4fdd21085b7dda3434ac748cbe1bb1a7f61cab"
            },
            "require": {
                "php": ">=5.3.2",
                "typo3/flow-composer-installers": "*"
            },
            "time": "2012-12-06 10:36:28",
            "type": "typo3-flow-build",
            "extra": {
                "typo3/flow": {
                    "case-sensitive-package-name": "BuildEssentials"
                }
            },
            "installation-source": "source",
            "license": [
                "LGPL-3.0+"
            ],
            "description": "TYPO3 Flow Build Toolchain Essentials"
        }
    ],
    "aliases": [

    ],
    "minimum-stability": "dev",
    "stability-flags": {
        "typo3/neos": 20,
        "typo3/neosdemotypo3org": 20,
        "typo3/buildessentials": 20
    }
}
