{
    "_readme": [
        "This file locks the dependencies of your project to a known state",
        "Read more about it at http://getcomposer.org/doc/01-basic-usage.md#composer-lock-the-lock-file"
    ],
    "hash": "9319aedd1ba4875b49876520abee1b8d",
    "packages": [
        {
            "name": "composer/installers",
            "version": "dev-master",
            "source": {
                "type": "git",
                "url": "https://github.com/composer/installers.git",
                "reference": "48a6227dfac4e51233a2fae5d5085db9655209f0"
            },
            "dist": {
                "type": "zip",
                "url": "https://api.github.com/repos/composer/installers/zipball/48a6227dfac4e51233a2fae5d5085db9655209f0",
                "reference": "48a6227dfac4e51233a2fae5d5085db9655209f0",
                "shasum": ""
            },
            "replace": {
                "shama/baton": "*"
            },
            "require-dev": {
                "composer/composer": "1.0.*@dev",
                "phpunit/phpunit": "3.7.*"
            },
            "type": "composer-installer",
            "extra": {
                "class": "Composer\\Installers\\Installer",
                "branch-alias": {
                    "dev-master": "1.0-dev"
                }
            },
            "autoload": {
                "psr-0": {
                    "Composer\\Installers\\": "src/"
                }
            },
            "notification-url": "https://packagist.org/downloads/",
            "license": [
                "MIT"
            ],
            "authors": [
                {
                    "name": "Kyle Robinson Young",
                    "email": "kyle@dontkry.com",
                    "homepage": "https://github.com/shama",
                    "role": "Developer"
                }
            ],
            "description": "A multi-framework Composer library installer",
            "homepage": "http://composer.github.com/installers/",
            "keywords": [
                "TYPO3 Flow",
                "TYPO3 Neos",
                "agl",
                "cakephp",
                "codeigniter",
                "drupal",
                "fuelphp",
                "installer",
                "joomla",
                "kohana",
                "laravel",
                "li3",
                "lithium",
                "mako",
                "phpbb",
                "ppi",
                "silverstripe",
                "symfony",
                "wordpress",
                "zend"
            ],
            "time": "2013-05-07 19:50:30"
        },
        {
            "name": "doctrine/annotations",
            "version": "v1.1.1",
            "source": {
                "type": "git",
                "url": "https://github.com/doctrine/annotations.git",
                "reference": "v1.1.1"
            },
            "dist": {
                "type": "zip",
                "url": "https://api.github.com/repos/doctrine/annotations/zipball/v1.1.1",
                "reference": "v1.1.1",
                "shasum": ""
            },
            "require": {
                "doctrine/lexer": "1.*",
                "php": ">=5.3.2"
            },
            "require-dev": {
                "doctrine/cache": "1.*"
            },
            "type": "library",
            "extra": {
                "branch-alias": {
                    "dev-master": "1.0.x-dev"
                }
            },
            "autoload": {
                "psr-0": {
                    "Doctrine\\Common\\Annotations\\": "lib/"
                }
            },
            "notification-url": "https://packagist.org/downloads/",
            "license": [
                "MIT"
            ],
            "authors": [
                {
                    "name": "Jonathan Wage",
                    "email": "jonwage@gmail.com",
                    "homepage": "http://www.jwage.com/"
                },
                {
                    "name": "Guilherme Blanco",
                    "email": "guilhermeblanco@gmail.com",
                    "homepage": "http://www.instaclick.com"
                },
                {
                    "name": "Roman Borschel",
                    "email": "roman@code-factory.org"
                },
                {
                    "name": "Benjamin Eberlei",
                    "email": "kontakt@beberlei.de"
                },
                {
                    "name": "Johannes Schmitt",
                    "email": "schmittjoh@gmail.com",
                    "homepage": "https://github.com/schmittjoh",
                    "role": "Developer of wrapped JMSSerializerBundle"
                }
            ],
            "description": "Docblock Annotations Parser",
            "homepage": "http://www.doctrine-project.org",
            "keywords": [
                "annotations",
                "docblock",
                "parser"
            ],
            "time": "2013-04-20 08:30:17"
        },
        {
            "name": "doctrine/cache",
            "version": "dev-master",
            "source": {
                "type": "git",
                "url": "https://github.com/doctrine/cache.git",
                "reference": "45123145f70dd79618963a72a5271b4f389712e4"
            },
            "dist": {
                "type": "zip",
                "url": "https://api.github.com/repos/doctrine/cache/zipball/45123145f70dd79618963a72a5271b4f389712e4",
                "reference": "45123145f70dd79618963a72a5271b4f389712e4",
                "shasum": ""
            },
            "require": {
                "php": ">=5.3.2"
            },
            "conflict": {
                "doctrine/common": ">2.2,<2.4"
            },
            "type": "library",
            "extra": {
                "branch-alias": {
                    "dev-master": "1.0.x-dev"
                }
            },
            "autoload": {
                "psr-0": {
                    "Doctrine\\Common\\Cache\\": "lib/"
                }
            },
            "notification-url": "https://packagist.org/downloads/",
            "license": [
                "MIT"
            ],
            "authors": [
                {
                    "name": "Jonathan Wage",
                    "email": "jonwage@gmail.com",
                    "homepage": "http://www.jwage.com/"
                },
                {
                    "name": "Guilherme Blanco",
                    "email": "guilhermeblanco@gmail.com",
                    "homepage": "http://www.instaclick.com"
                },
                {
                    "name": "Roman Borschel",
                    "email": "roman@code-factory.org"
                },
                {
                    "name": "Benjamin Eberlei",
                    "email": "kontakt@beberlei.de"
                },
                {
                    "name": "Johannes Schmitt",
                    "email": "schmittjoh@gmail.com",
                    "homepage": "http://jmsyst.com",
                    "role": "Developer of wrapped JMSSerializerBundle"
                }
            ],
            "description": "Caching library offering an object-oriented API for many cache backends",
            "homepage": "http://www.doctrine-project.org",
            "keywords": [
                "cache",
                "caching"
            ],
            "time": "2013-05-13 02:51:07"
        },
        {
            "name": "doctrine/collections",
            "version": "dev-master",
            "source": {
                "type": "git",
                "url": "https://github.com/doctrine/collections.git",
                "reference": "df2138bcb467533bfe6b3a01301d480aec008b93"
            },
            "dist": {
                "type": "zip",
                "url": "https://api.github.com/repos/doctrine/collections/zipball/df2138bcb467533bfe6b3a01301d480aec008b93",
                "reference": "df2138bcb467533bfe6b3a01301d480aec008b93",
                "shasum": ""
            },
            "require": {
                "php": ">=5.3.2"
            },
            "type": "library",
            "extra": {
                "branch-alias": {
                    "dev-master": "1.1.x-dev"
                }
            },
            "autoload": {
                "psr-0": {
                    "Doctrine\\Common\\Collections\\": "lib/"
                }
            },
            "notification-url": "https://packagist.org/downloads/",
            "license": [
                "MIT"
            ],
            "authors": [
                {
                    "name": "Jonathan Wage",
                    "email": "jonwage@gmail.com",
                    "homepage": "http://www.jwage.com/"
                },
                {
                    "name": "Guilherme Blanco",
                    "email": "guilhermeblanco@gmail.com",
                    "homepage": "http://www.instaclick.com"
                },
                {
                    "name": "Roman Borschel",
                    "email": "roman@code-factory.org"
                },
                {
                    "name": "Benjamin Eberlei",
                    "email": "kontakt@beberlei.de"
                },
                {
                    "name": "Johannes M. Schmitt",
                    "email": "schmittjoh@gmail.com",
                    "homepage": "https://github.com/schmittjoh",
                    "role": "Developer of wrapped JMSSerializerBundle"
                }
            ],
            "description": "Collections Abstraction library",
            "homepage": "http://www.doctrine-project.org",
            "keywords": [
                "array",
                "collections",
                "iterator"
            ],
            "time": "2013-03-17 14:01:33"
        },
        {
            "name": "doctrine/common",
            "version": "dev-master",
            "source": {
                "type": "git",
                "url": "https://github.com/doctrine/common.git",
                "reference": "2.4.0-RC2"
            },
            "dist": {
                "type": "zip",
                "url": "https://api.github.com/repos/doctrine/common/zipball/2.4.0-RC2",
                "reference": "2.4.0-RC2",
                "shasum": ""
            },
            "require": {
                "doctrine/annotations": "1.*",
                "doctrine/cache": "1.*",
                "doctrine/collections": "1.*",
                "doctrine/inflector": "1.*",
                "doctrine/lexer": "1.*",
                "php": ">=5.3.2"
            },
            "type": "library",
            "extra": {
                "branch-alias": {
                    "dev-master": "2.4.x-dev"
                }
            },
            "autoload": {
                "psr-0": {
                    "Doctrine\\Common\\": "lib/"
                }
            },
            "notification-url": "https://packagist.org/downloads/",
            "license": [
                "MIT"
            ],
            "authors": [
                {
                    "name": "Jonathan Wage",
                    "email": "jonwage@gmail.com",
                    "homepage": "http://www.jwage.com/"
                },
                {
                    "name": "Guilherme Blanco",
                    "email": "guilhermeblanco@gmail.com",
                    "homepage": "http://www.instaclick.com"
                },
                {
                    "name": "Roman Borschel",
                    "email": "roman@code-factory.org"
                },
                {
                    "name": "Benjamin Eberlei",
                    "email": "kontakt@beberlei.de"
                },
                {
                    "name": "Johannes M. Schmitt",
                    "email": "schmittjoh@gmail.com",
                    "homepage": "https://github.com/schmittjoh",
                    "role": "Developer of wrapped JMSSerializerBundle"
                }
            ],
            "description": "Common Library for Doctrine projects",
            "homepage": "http://www.doctrine-project.org",
            "keywords": [
                "annotations",
                "collections",
                "eventmanager",
                "persistence",
                "spl"
            ],
            "time": "2013-05-09 21:35:24"
        },
        {
            "name": "doctrine/dbal",
            "version": "2.3.x-dev",
            "source": {
                "type": "git",
                "url": "https://github.com/doctrine/dbal.git",
                "reference": "081e461e446d650a3d804e20967417fbba27f8c7"
            },
            "dist": {
                "type": "zip",
                "url": "https://api.github.com/repos/doctrine/dbal/zipball/081e461e446d650a3d804e20967417fbba27f8c7",
                "reference": "081e461e446d650a3d804e20967417fbba27f8c7",
                "shasum": ""
            },
            "require": {
                "doctrine/common": ">=2.3.0,<2.5-dev",
                "php": ">=5.3.2"
            },
            "type": "library",
            "extra": {
                "branch-alias": {
                    "dev-master": "2.3.x-dev"
                }
            },
            "autoload": {
                "psr-0": {
                    "Doctrine\\DBAL": "lib/"
                }
            },
            "notification-url": "https://packagist.org/downloads/",
            "license": [
                "MIT"
            ],
            "authors": [
                {
                    "name": "Jonathan Wage",
                    "email": "jonwage@gmail.com",
                    "homepage": "http://www.jwage.com/"
                },
                {
                    "name": "Guilherme Blanco",
                    "email": "guilhermeblanco@gmail.com",
                    "homepage": "http://www.instaclick.com"
                },
                {
                    "name": "Roman Borschel",
                    "email": "roman@code-factory.org"
                },
                {
                    "name": "Benjamin Eberlei",
                    "email": "kontakt@beberlei.de"
                }
            ],
            "description": "Database Abstraction Layer",
            "homepage": "http://www.doctrine-project.org",
            "keywords": [
                "database",
                "dbal",
                "persistence",
                "queryobject"
            ],
            "time": "2013-05-11 07:45:37"
        },
        {
            "name": "doctrine/inflector",
            "version": "dev-master",
            "source": {
                "type": "git",
                "url": "https://github.com/doctrine/inflector.git",
                "reference": "8b4b3ccec7aafc596e2fc1e593c9f2e78f939c8c"
            },
            "dist": {
                "type": "zip",
                "url": "https://api.github.com/repos/doctrine/inflector/zipball/8b4b3ccec7aafc596e2fc1e593c9f2e78f939c8c",
                "reference": "8b4b3ccec7aafc596e2fc1e593c9f2e78f939c8c",
                "shasum": ""
            },
            "require": {
                "php": ">=5.3.2"
            },
            "type": "library",
            "extra": {
                "branch-alias": {
                    "dev-master": "1.0.x-dev"
                }
            },
            "autoload": {
                "psr-0": {
                    "Doctrine\\Common\\Inflector\\": "lib/"
                }
            },
            "notification-url": "https://packagist.org/downloads/",
            "license": [
                "MIT"
            ],
            "authors": [
                {
                    "name": "Jonathan Wage",
                    "email": "jonwage@gmail.com",
                    "homepage": "http://www.jwage.com/"
                },
                {
                    "name": "Guilherme Blanco",
                    "email": "guilhermeblanco@gmail.com",
                    "homepage": "http://www.instaclick.com"
                },
                {
                    "name": "Roman Borschel",
                    "email": "roman@code-factory.org"
                },
                {
                    "name": "Benjamin Eberlei",
                    "email": "kontakt@beberlei.de"
                },
                {
                    "name": "Johannes M. Schmitt",
                    "email": "schmittjoh@gmail.com",
                    "homepage": "https://github.com/schmittjoh",
                    "role": "Developer of wrapped JMSSerializerBundle"
                }
            ],
            "description": "Common String Manipulations with regard to casing and singular/plural rules.",
            "homepage": "http://www.doctrine-project.org",
            "keywords": [
                "inflection",
                "pluralize",
                "singularize",
                "string"
            ],
            "time": "2013-04-10 16:14:30"
        },
        {
            "name": "doctrine/lexer",
            "version": "dev-master",
            "source": {
                "type": "git",
                "url": "https://github.com/doctrine/lexer.git",
                "reference": "bc0e1f0cc285127a38c6c8ea88bc5dba2fd53e94"
            },
            "dist": {
                "type": "zip",
                "url": "https://api.github.com/repos/doctrine/lexer/zipball/bc0e1f0cc285127a38c6c8ea88bc5dba2fd53e94",
                "reference": "bc0e1f0cc285127a38c6c8ea88bc5dba2fd53e94",
                "shasum": ""
            },
            "require": {
                "php": ">=5.3.2"
            },
            "type": "library",
            "extra": {
                "branch-alias": {
                    "dev-master": "1.0.x-dev"
                }
            },
            "autoload": {
                "psr-0": {
                    "Doctrine\\Common\\Lexer\\": "lib/"
                }
            },
            "notification-url": "https://packagist.org/downloads/",
            "license": [
                "MIT"
            ],
            "authors": [
                {
                    "name": "Guilherme Blanco",
                    "email": "guilhermeblanco@gmail.com",
                    "homepage": "http://www.instaclick.com"
                },
                {
                    "name": "Roman Borschel",
                    "email": "roman@code-factory.org"
                },
                {
                    "name": "Johannes Schmitt",
                    "email": "schmittjoh@gmail.com",
                    "homepage": "https://github.com/schmittjoh",
                    "role": "Developer of wrapped JMSSerializerBundle"
                }
            ],
            "description": "Base library for a lexer that can be used in Top-Down, Recursive Descent Parsers.",
            "homepage": "http://www.doctrine-project.org",
            "keywords": [
                "lexer",
                "parser"
            ],
            "time": "2013-03-07 12:15:25"
        },
        {
            "name": "doctrine/migrations",
            "version": "dev-master",
            "source": {
                "type": "git",
                "url": "https://github.com/doctrine/migrations.git",
                "reference": "e1f6efcd94993b493de5c6a413cbc327ea9c0caa"
            },
            "dist": {
                "type": "zip",
                "url": "https://api.github.com/repos/doctrine/migrations/zipball/e1f6efcd94993b493de5c6a413cbc327ea9c0caa",
                "reference": "e1f6efcd94993b493de5c6a413cbc327ea9c0caa",
                "shasum": ""
            },
            "require": {
                "doctrine/dbal": ">=2.0,<2.5.x-dev",
                "php": ">=5.3.2"
            },
            "require-dev": {
                "symfony/console": "2.*",
                "symfony/yaml": "2.*"
            },
            "suggest": {
                "symfony/console": "to run the migration from the console"
            },
            "type": "library",
            "autoload": {
                "psr-0": {
                    "Doctrine\\DBAL\\Migrations": "lib"
                }
            },
            "notification-url": "https://packagist.org/downloads/",
            "license": [
                "LGPL"
            ],
            "authors": [
                {
                    "name": "Jonathan H. Wage",
                    "email": "jonwage@gmail.com",
                    "homepage": "http://www.jwage.com/"
                },
                {
                    "name": "Benjamin Eberlei",
                    "email": "kontakt@beberlei.de"
                }
            ],
            "description": "Database Schema migrations using Doctrine DBAL",
            "homepage": "http://www.doctrine-project.org",
            "keywords": [
                "database",
                "migrations"
            ],
            "time": "2012-12-27 16:39:29"
        },
        {
            "name": "doctrine/orm",
            "version": "2.3.x-dev",
            "source": {
                "type": "git",
                "url": "https://github.com/doctrine/doctrine2.git",
                "reference": "425f375899b9b054867ea3a3cb752dabdd874651"
            },
            "dist": {
                "type": "zip",
                "url": "https://api.github.com/repos/doctrine/doctrine2/zipball/425f375899b9b054867ea3a3cb752dabdd874651",
                "reference": "425f375899b9b054867ea3a3cb752dabdd874651",
                "shasum": ""
            },
            "require": {
                "doctrine/dbal": "2.3.*",
                "ext-pdo": "*",
                "php": ">=5.3.2",
                "symfony/console": "2.*"
            },
            "suggest": {
                "symfony/yaml": "If you want to use YAML Metadata Mapping Driver"
            },
            "bin": [
                "bin/doctrine",
                "bin/doctrine.php"
            ],
            "type": "library",
            "extra": {
                "branch-alias": {
                    "dev-master": "2.3.x-dev"
                }
            },
            "autoload": {
                "psr-0": {
                    "Doctrine\\ORM": "lib/"
                }
            },
            "notification-url": "https://packagist.org/downloads/",
            "license": [
                "MIT"
            ],
            "authors": [
                {
                    "name": "Jonathan Wage",
                    "email": "jonwage@gmail.com",
                    "homepage": "http://www.jwage.com/"
                },
                {
                    "name": "Guilherme Blanco",
                    "email": "guilhermeblanco@gmail.com",
                    "homepage": "http://www.instaclick.com"
                },
                {
                    "name": "Roman Borschel",
                    "email": "roman@code-factory.org"
                },
                {
                    "name": "Benjamin Eberlei",
                    "email": "kontakt@beberlei.de"
                }
            ],
            "description": "Object-Relational-Mapper for PHP",
            "homepage": "http://www.doctrine-project.org",
            "keywords": [
                "database",
                "orm"
            ],
            "time": "2013-05-11 07:51:12"
        },
        {
            "name": "imagine/imagine",
            "version": "dev-master",
            "source": {
                "type": "git",
                "url": "https://github.com/avalanche123/Imagine.git",
                "reference": "v0.4.1"
            },
            "dist": {
                "type": "zip",
                "url": "https://api.github.com/repos/avalanche123/Imagine/zipball/v0.4.1",
                "reference": "v0.4.1",
                "shasum": ""
            },
            "require": {
                "php": ">=5.3.2"
            },
            "require-dev": {
                "sami/sami": "dev-master"
            },
            "type": "library",
            "autoload": {
                "psr-0": {
                    "Imagine": "lib/"
                }
            },
            "notification-url": "https://packagist.org/downloads/",
            "license": [
                "MIT"
            ],
            "authors": [
                {
                    "name": "Bulat Shakirzyanov",
                    "email": "mallluhuct@gmail.com",
                    "homepage": "http://avalanche123.com"
                }
            ],
            "description": "Image processing for PHP 5.3",
            "homepage": "http://imagine.readthedocs.org/",
            "keywords": [
                "drawing",
                "graphics",
                "image manipulation",
                "image processing"
            ],
            "time": "2012-12-13 18:31:18"
        },
        {
            "name": "symfony/console",
            "version": "dev-master",
            "target-dir": "Symfony/Component/Console",
            "source": {
                "type": "git",
                "url": "https://github.com/symfony/Console.git",
                "reference": "v2.3.0-BETA2"
            },
            "dist": {
                "type": "zip",
                "url": "https://api.github.com/repos/symfony/Console/zipball/v2.3.0-BETA2",
                "reference": "v2.3.0-BETA2",
                "shasum": ""
            },
            "require": {
                "php": ">=5.3.3"
            },
            "require-dev": {
                "symfony/event-dispatcher": ">=2.1,<3.0"
            },
            "type": "library",
            "extra": {
                "branch-alias": {
                    "dev-master": "2.3-dev"
                }
            },
            "autoload": {
                "psr-0": {
                    "Symfony\\Component\\Console\\": ""
                }
            },
            "notification-url": "https://packagist.org/downloads/",
            "license": [
                "MIT"
            ],
            "authors": [
                {
                    "name": "Fabien Potencier",
                    "email": "fabien@symfony.com"
                },
                {
                    "name": "Symfony Community",
                    "homepage": "http://symfony.com/contributors"
                }
            ],
            "description": "Symfony Console Component",
            "homepage": "http://symfony.com",
            "time": "2013-05-10 18:12:13"
        },
        {
            "name": "symfony/dom-crawler",
            "version": "2.2.x-dev",
            "target-dir": "Symfony/Component/DomCrawler",
            "source": {
                "type": "git",
                "url": "https://github.com/symfony/DomCrawler.git",
                "reference": "v2.2.1"
            },
            "dist": {
                "type": "zip",
                "url": "https://api.github.com/repos/symfony/DomCrawler/zipball/v2.2.1",
                "reference": "v2.2.1",
                "shasum": ""
            },
            "require": {
                "php": ">=5.3.3"
            },
            "require-dev": {
                "symfony/css-selector": ">=2.0,<3.0"
            },
            "suggest": {
                "symfony/css-selector": "2.2.*"
            },
            "type": "library",
            "extra": {
                "branch-alias": {
                    "dev-master": "2.2-dev"
                }
            },
            "autoload": {
                "psr-0": {
                    "Symfony\\Component\\DomCrawler\\": ""
                }
            },
            "notification-url": "https://packagist.org/downloads/",
            "license": [
                "MIT"
            ],
            "authors": [
                {
                    "name": "Fabien Potencier",
                    "email": "fabien@symfony.com"
                },
                {
                    "name": "Symfony Community",
                    "homepage": "http://symfony.com/contributors"
                }
            ],
            "description": "Symfony DomCrawler Component",
            "homepage": "http://symfony.com",
            "time": "2013-04-01 08:05:23"
        },
        {
            "name": "symfony/yaml",
            "version": "2.1.x-dev",
            "target-dir": "Symfony/Component/Yaml",
            "source": {
                "type": "git",
                "url": "https://github.com/symfony/Yaml.git",
                "reference": "347a7a02204433c6926ecc3f13e805bdc30e8f9f"
            },
            "dist": {
                "type": "zip",
                "url": "https://api.github.com/repos/symfony/Yaml/zipball/347a7a02204433c6926ecc3f13e805bdc30e8f9f",
                "reference": "347a7a02204433c6926ecc3f13e805bdc30e8f9f",
                "shasum": ""
            },
            "require": {
                "php": ">=5.3.3"
            },
            "type": "library",
            "autoload": {
                "psr-0": {
                    "Symfony\\Component\\Yaml": ""
                }
            },
            "notification-url": "https://packagist.org/downloads/",
            "license": [
                "MIT"
            ],
            "authors": [
                {
                    "name": "Fabien Potencier",
                    "email": "fabien@symfony.com"
                },
                {
                    "name": "Symfony Community",
                    "homepage": "http://symfony.com/contributors"
                }
            ],
            "description": "Symfony Yaml Component",
            "homepage": "http://symfony.com",
            "time": "2013-05-10 00:09:46"
        },
        {
            "name": "typo3/aloha",
            "version": "dev-master",
            "source": {
                "type": "git",
                "url": "git://git.typo3.org/FLOW3/Packages/Aloha.git",
                "reference": "111bca059ab11e80ad1bdda664133d35b29916a9"
            },
            "require": {
                "typo3/flow": "*",
                "typo3/fluid": "*"
            },
            "type": "typo3-flow-package",
            "autoload": {
                "psr-0": {
                    "TYPO3\\Aloha": "Classes"
                }
            },
            "notification-url": "https://packagist.org/downloads/",
            "description": "A packaged version of Aloha for TYPO3 Neos.",
            "time": "2012-10-31 08:18:34"
        },
        {
            "name": "typo3/eel",
            "version": "dev-master",
            "source": {
                "type": "git",
                "url": "git://git.typo3.org/FLOW3/Packages/TYPO3.Eel.git",
                "reference": "7c2ac55bd8a84af414dc21d548686b5f2a8f78a5"
            },
            "require": {
                "typo3/flow": "*"
            },
            "type": "typo3-flow-package",
            "autoload": {
                "psr-0": {
                    "TYPO3\\Eel": "Classes"
                }
            },
            "notification-url": "https://packagist.org/downloads/",
            "time": "2013-03-28 09:44:34"
        },
        {
            "name": "typo3/extjs",
            "version": "dev-master",
            "source": {
                "type": "git",
                "url": "git://git.typo3.org/FLOW3/Packages/TYPO3.ExtJS.git",
                "reference": "9277f33fc63dedb759c9f9a211b596875c9bec25"
            },
            "require": {
                "typo3/flow": "*"
            },
            "type": "typo3-flow-package",
            "autoload": {
                "psr-0": {
                    "TYPO3\\ExtJS": "Classes"
                }
            },
            "notification-url": "https://packagist.org/downloads/",
            "description": "The package contains ExtJS for use in TYPO3 Flow packages. It is a slightly trimmed version of ExtJS (missing source, build, examples, documentation) with JavaScript, images, CSS and Flash moved to distinct folders. In addition it contains the ux files found in the examples folder of the ExtJS distribution. Using Ext Direct is supported by an Ext Direct request handler and a viewhelper to build a provider configuration from controller actions.",
            "time": "2013-03-28 09:45:05"
        },
        {
            "name": "typo3/flow",
            "version": "dev-master",
            "source": {
                "type": "git",
                "url": "git://git.typo3.org/FLOW3/Packages/TYPO3.FLOW3.git",
                "reference": "e06e0f2dd6eb565f00ae535c780ab13b74de8f92"
            },
            "require": {
                "composer/installers": ">=1.0.2,<1.1",
                "doctrine/migrations": "dev-master",
                "doctrine/orm": "2.3.*",
                "ext-json": ">=1.2.0",
                "ext-session": "*",
                "ext-spl": "*",
                "ext-zlib": "*",
                "php": ">=5.3.2",
                "symfony/dom-crawler": "2.2.*",
                "symfony/yaml": "2.1.*",
                "typo3/fluid": "*",
                "typo3/party": "*"
            },
            "suggest": {
                "doctrine/data-fixtures": "To manage and execute the loading of data fixtures for the Doctrine ORM or ODM"
            },
            "type": "typo3-flow-framework",
            "autoload": {
                "psr-0": {
                    "TYPO3\\Flow": "Classes"
                }
            },
            "notification-url": "https://packagist.org/downloads/",
            "license": [
                "LGPL-3.0+"
            ],
            "description": "TYPO3 Flow Application Framework",
            "homepage": "http://flow.typo3.org",
            "time": "2013-05-07 15:42:18"
        },
        {
            "name": "typo3/fluid",
            "version": "dev-master",
            "source": {
                "type": "git",
                "url": "git://git.typo3.org/FLOW3/Packages/TYPO3.Fluid.git",
                "reference": "1779aeb9d2cdfa58ce322b724ef82fe6dfacc04a"
            },
            "require": {
                "typo3/flow": "*"
            },
            "type": "typo3-flow-framework",
            "autoload": {
                "psr-0": {
                    "TYPO3\\Fluid": "Classes"
                }
            },
            "notification-url": "https://packagist.org/downloads/",
            "license": [
                "LGPL-3.0+"
            ],
            "description": "Next-Generation Templating Framework for TYPO3 Flow and TYPO3 Neos, also backported to TYPO3 CMS",
            "time": "2013-05-06 07:06:29"
        },
        {
            "name": "typo3/form",
            "version": "dev-master",
            "source": {
                "type": "git",
                "url": "git://git.typo3.org/FLOW3/Packages/TYPO3.Form.git",
                "reference": "e296d50c9702668c88ddaad2ce8444ef08c14ac8"
            },
            "require": {
                "typo3/flow": "*"
            },
            "type": "typo3-flow-package",
            "autoload": {
                "psr-0": {
                    "TYPO3\\Form": "Classes"
                }
            },
            "notification-url": "https://packagist.org/downloads/",
            "description": "Extensible and flexible API for building web forms",
            "time": "2013-03-28 09:45:39"
        },
        {
            "name": "typo3/imagine",
            "version": "dev-master",
            "source": {
                "type": "git",
                "url": "git://git.typo3.org/FLOW3/Packages/Imagine.git",
                "reference": "202eda6ba3c4f30dbcfc14488c77c73d4b85e848"
            },
            "require": {
                "imagine/imagine": "*",
                "typo3/flow": "*"
            },
            "type": "typo3-flow-package",
            "autoload": {
                "psr-0": {
                    "TYPO3\\Imagine": "Classes"
                }
            },
            "notification-url": "https://packagist.org/downloads/",
            "time": "2012-11-09 09:20:33"
        },
        {
            "name": "typo3/kickstart",
            "version": "dev-master",
            "source": {
                "type": "git",
                "url": "git://git.typo3.org/FLOW3/Packages/TYPO3.Kickstart.git",
                "reference": "4de1a56d356203540a0c8a1ef1f20b58fbee3dc8"
            },
            "require": {
                "typo3/flow": "*"
            },
            "type": "typo3-flow-framework",
            "autoload": {
                "psr-0": {
                    "TYPO3\\Kickstart": "Classes"
                }
            },
            "notification-url": "https://packagist.org/downloads/",
            "license": [
                "LGPL-3.0+"
            ],
            "description": "A simple generator for controller and views.",
            "time": "2013-05-08 09:43:00"
        },
        {
            "name": "typo3/media",
            "version": "dev-master",
            "source": {
                "type": "git",
                "url": "git://git.typo3.org/FLOW3/Packages/TYPO3.Media.git",
                "reference": "80da736412dc8e1b0ff875548de7d7101a865e34"
            },
            "require": {
                "typo3/flow": "*",
                "typo3/imagine": "*"
            },
            "type": "typo3-flow-package",
            "autoload": {
                "psr-0": {
                    "TYPO3\\Media": "Classes"
                }
            },
            "notification-url": "https://packagist.org/downloads/",
            "description": "The Media package",
            "time": "2013-03-25 17:13:33"
        },
        {
            "name": "typo3/neos",
            "version": "dev-master",
            "source": {
                "type": "git",
                "url": "git://git.typo3.org/FLOW3/Packages/TYPO3.TYPO3.git",
                "reference": "1be7c8c929a06d6b5485f5057eec68da84b95afb"
            },
            "require": {
                "typo3/aloha": "*",
                "typo3/extjs": "*",
                "typo3/flow": "*",
                "typo3/media": "*",
                "typo3/neos-nodetypes": "*",
                "typo3/setup": "*",
                "typo3/twitter-bootstrap": "*",
                "typo3/typo3cr": "*",
                "typo3/typoscript": "*"
            },
            "suggest": {
                "typo3/sitekickstarter": "Helps with creating new site packages for TYPO3 Neos."
            },
            "type": "typo3-flow-package",
            "autoload": {
                "psr-0": {
                    "TYPO3\\Neos": "Classes"
                }
            },
            "notification-url": "https://packagist.org/downloads/",
            "description": "The next generation of the popular open-source CMS.",
            "time": "2013-05-12 12:20:25"
        },
        {
            "name": "typo3/neos-nodetypes",
            "version": "dev-master",
            "source": {
                "type": "git",
                "url": "git://git.typo3.org/FLOW3/Packages/TYPO3.Phoenix.ContentTypes.git",
                "reference": "e8a78ef42b42313bf691f077646c2b1dbaa7c460"
            },
            "require": {
                "typo3/flow": "*",
                "typo3/typoscript": "*"
            },
            "type": "typo3-flow-package",
            "autoload": {
                "psr-0": {
                    "TYPO3\\Neos\\NodeTypes": "Classes"
                }
            },
            "notification-url": "https://packagist.org/downloads/",
            "description": "Node type configuration for TYPO3 Neos",
            "time": "2013-05-08 20:55:03"
        },
        {
            "name": "typo3/neosdemotypo3org",
            "version": "dev-master",
            "source": {
                "type": "git",
                "url": "git://git.typo3.org/FLOW3/Packages/PhoenixDemoTypo3Org.git",
                "reference": "6a139fb7a999c8df6723b75f0f4dfb37f323252c"
            },
            "require": {
                "typo3/neos": "*"
            },
            "type": "typo3-flow-site",
            "autoload": {
                "psr-0": {
                    "TYPO3\\NeosDemoTypo3Org": "Classes"
                }
            },
            "notification-url": "https://packagist.org/downloads/",
            "description": "Site package for the TYPO3 Neos Demo Site",
            "time": "2013-04-10 17:01:32"
        },
        {
            "name": "typo3/party",
            "version": "dev-master",
            "source": {
                "type": "git",
                "url": "git://git.typo3.org/FLOW3/Packages/TYPO3.Party.git",
                "reference": "04436acd30553dd44175c342d2aefc7e50078a6e"
            },
            "require": {
                "typo3/flow": "*"
            },
            "type": "typo3-flow-framework",
            "autoload": {
                "psr-0": {
                    "TYPO3\\Party": "Classes"
                }
            },
            "notification-url": "https://packagist.org/downloads/",
            "license": [
                "LGPL-3.0+"
            ],
            "description": "A PHP implementation of the OASIS Customer Information Quality (CIQ) XML Standard.",
            "time": "2013-04-30 16:32:48"
        },
        {
            "name": "typo3/setup",
            "version": "dev-master",
            "source": {
                "type": "git",
                "url": "git://git.typo3.org/FLOW3/Packages/TYPO3.Setup.git",
                "reference": "27cc6c0720f87d02ea08dcfe7103e2b8695456a8"
            },
            "require": {
                "typo3/flow": "*",
                "typo3/form": "*",
                "typo3/twitter-bootstrap": "*"
            },
            "type": "typo3-flow-package",
            "autoload": {
                "psr-0": {
                    "TYPO3\\Setup": "Classes"
                }
            },
            "notification-url": "https://packagist.org/downloads/",
            "time": "2013-03-28 09:48:03"
        },
        {
            "name": "typo3/sitekickstarter",
            "version": "dev-master",
            "source": {
                "type": "git",
                "url": "git://git.typo3.org/FLOW3/Packages/TYPO3.SiteKickstarter.git",
                "reference": "a1833ec3c4c4219f61fd9231169118cb2a3f7fe6"
            },
            "require": {
                "typo3/flow": "*",
                "typo3/kickstart": "*"
            },
            "type": "typo3-flow-package",
            "autoload": {
                "psr-0": {
                    "TYPO3\\SiteKickstarter": "Classes"
                }
            },
            "notification-url": "https://packagist.org/downloads/",
            "time": "2013-04-16 14:30:44"
        },
        {
            "name": "typo3/twitter-bootstrap",
            "version": "dev-master",
            "source": {
                "type": "git",
                "url": "git://git.typo3.org/FLOW3/Packages/Twitter.Bootstrap.git",
                "reference": "21874376b5b4a7a7ff61f5676eab15c298af2514"
            },
            "require": {
                "typo3/flow": "*"
            },
            "type": "typo3-flow-package",
            "autoload": {
                "psr-0": {
                    "TYPO3\\Twitter\\Bootstrap": "Classes"
                }
            },
            "notification-url": "https://packagist.org/downloads/",
            "description": "Simple and flexible HTML, CSS, and Javascript for popular user interface components and interactions. Packaged for use with TYPO3 Flow",
            "time": "2013-03-21 21:59:28"
        },
        {
            "name": "typo3/typo3cr",
            "version": "dev-master",
            "source": {
                "type": "git",
                "url": "git://git.typo3.org/FLOW3/Packages/TYPO3.TYPO3CR.git",
                "reference": "4cf061699b2335ff17e60fb7e058f1bb8e322911"
            },
            "require": {
                "typo3/flow": "*"
            },
            "type": "typo3-flow-package",
            "autoload": {
                "psr-0": {
                    "TYPO3\\TYPO3CR": "Classes"
                }
            },
            "notification-url": "https://packagist.org/downloads/",
            "time": "2013-04-16 11:53:07"
        },
        {
            "name": "typo3/typoscript",
            "version": "dev-master",
            "source": {
                "type": "git",
                "url": "git://git.typo3.org/FLOW3/Packages/TYPO3.TypoScript.git",
                "reference": "c24d753372b18a71a23bb59c4482d3583b2ba5a7"
            },
            "require": {
                "typo3/eel": "*",
                "typo3/flow": "*"
            },
            "type": "typo3-flow-package",
            "autoload": {
                "psr-0": {
                    "TYPO3\\TypoScript": "Classes"
                }
            },
            "notification-url": "https://packagist.org/downloads/",
            "time": "2013-05-07 15:00:10"
        }
    ],
    "packages-dev": [
        {
            "name": "mikey179/vfsStream",
            "version": "v1.1.0",
            "source": {
                "type": "git",
                "url": "https://github.com/mikey179/vfsStream",
                "reference": "v1.1.0"
            },
            "dist": {
                "type": "zip",
                "url": "https://github.com/mikey179/vfsStream/zipball/v1.1.0",
                "reference": "v1.1.0",
                "shasum": ""
            },
            "require": {
                "php": ">=5.3.0"
            },
            "type": "library",
            "autoload": {
                "psr-0": {
                    "org\\bovigo\\vfs": "src/main/php"
                }
            },
            "notification-url": "https://packagist.org/downloads/",
            "license": [
                "BSD"
            ],
            "homepage": "http://vfs.bovigo.org/",
            "time": "2012-08-25 05:49:29"
        },
        {
            "name": "typo3/buildessentials",
            "version": "dev-master",
            "source": {
                "type": "git",
                "url": "git://git.typo3.org/FLOW3/BuildEssentials.git",
                "reference": "ab108264ba4d4da8d6dac685104f94b3a0a84939"
            },
            "require": {
                "composer/installers": ">=1.0.2,<1.1"
            },
            "type": "typo3-flow-build",
            "extra": {
                "installer-name": "BuildEssentials"
            },
            "notification-url": "https://packagist.org/downloads/",
            "license": [
                "LGPL-3.0+"
            ],
            "description": "TYPO3 Flow Build Toolchain Essentials",
            "time": "2013-05-02 14:15:28"
        }
    ],
    "aliases": [

    ],
    "minimum-stability": "dev",
    "stability-flags": {
        "typo3/neos": 20,
        "typo3/neosdemotypo3org": 20,
        "typo3/sitekickstarter": 20,
        "typo3/buildessentials": 20
    },
    "platform": [

    ],
    "platform-dev": [

    ]
}
